
Microsoft Visual Studio Solution File, Format Version 12.00
# Visual Studio Version 17
VisualStudioVersion = 17.6.33815.320
MinimumVisualStudioVersion = 10.0.40219.1
Project("{FAE04EC0-301F-11D3-BF4B-00C04F79EFBC}") = "Deliverable_2_Arrays and Methods", "Deliverable_2_Arrays and Methods.csproj", "{24DC1A7A-4023-4794-84FE-7A007F5CB652}"
EndProject
Global
	GlobalSection(SolutionConfigurationPlatforms) = preSolution
		Debug|Any CPU = Debug|Any CPU
		Release|Any CPU = Release|Any CPU
	EndGlobalSection
	GlobalSection(ProjectConfigurationPlatforms) = postSolution
		{24DC1A7A-4023-4794-84FE-7A007F5CB652}.Debug|Any CPU.ActiveCfg = Debug|Any CPU
		{24DC1A7A-4023-4794-84FE-7A007F5CB652}.Debug|Any CPU.Build.0 = Debug|Any CPU
		{24DC1A7A-4023-4794-84FE-7A007F5CB652}.Release|Any CPU.ActiveCfg = Release|Any CPU
		{24DC1A7A-4023-4794-84FE-7A007F5CB652}.Release|Any CPU.Build.0 = Release|Any CPU
	EndGlobalSection
	GlobalSection(SolutionProperties) = preSolution
		HideSolutionNode = FALSE
	EndGlobalSection
	GlobalSection(ExtensibilityGlobals) = postSolution
		SolutionGuid = {7186C44C-F83C-44FB-A40E-9A88E452F683}
	EndGlobalSection
EndGlobal
